// !$*UTF8*$!
{
	archiveVersion = 1;
	classes = {
	};
	objectVersion = 55;
	objects = {

/* Begin PBXBuildFile section */
		E364DEF033DBD296480AC4A6 /* Pods_G_Navigation.framework in Frameworks */ = {isa = PBXBuildFile; fileRef = BDC50F3DFF85EC4AC85FAFE1 /* Pods_G_Navigation.framework */; };
		FA0D7B852987B354004163CE /* StartViewController.swift in Sources */ = {isa = PBXBuildFile; fileRef = FA0D7B842987B354004163CE /* StartViewController.swift */; };
		FA0D7B872987B6BC004163CE /* FailureViewController.swift in Sources */ = {isa = PBXBuildFile; fileRef = FA0D7B862987B6BC004163CE /* FailureViewController.swift */; };
		FA0D7B8C2987CBB3004163CE /* BaseViewController.swift in Sources */ = {isa = PBXBuildFile; fileRef = FA0D7B8B2987CBB3004163CE /* BaseViewController.swift */; };
		FA277274297FC154009E8267 /* DirectionData.swift in Sources */ = {isa = PBXBuildFile; fileRef = FA277273297FC154009E8267 /* DirectionData.swift */; };
		FA81CDB529C0790F00E5113F /* success.json in Resources */ = {isa = PBXBuildFile; fileRef = FA81CDB429C0790F00E5113F /* success.json */; };
		FA81CDB729C079A600E5113F /* failure.json in Resources */ = {isa = PBXBuildFile; fileRef = FA81CDB629C079A600E5113F /* failure.json */; };
		FA81CDB929C07B8E00E5113F /* locationMark.json in Resources */ = {isa = PBXBuildFile; fileRef = FA81CDB829C07B8E00E5113F /* locationMark.json */; };
		FA81CDBB29C07FBA00E5113F /* Challenge Route.gpx in Resources */ = {isa = PBXBuildFile; fileRef = FA81CDBA29C07FBA00E5113F /* Challenge Route.gpx */; };
		FA865B00297A9B4B008077DA /* API_Keys.swift in Sources */ = {isa = PBXBuildFile; fileRef = FA865AFF297A9B4B008077DA /* API_Keys.swift */; };
		FA865B0B297AB515008077DA /* NavigationData.swift in Sources */ = {isa = PBXBuildFile; fileRef = FA865B0A297AB515008077DA /* NavigationData.swift */; };
		FA865B0D297AB60D008077DA /* navigation.json in Resources */ = {isa = PBXBuildFile; fileRef = FA865B0C297AB60D008077DA /* navigation.json */; };
		FAA623A929827A3200E00374 /* LicenseViewController.swift in Sources */ = {isa = PBXBuildFile; fileRef = FAA623A829827A3200E00374 /* LicenseViewController.swift */; };
		FAA623AB2982813F00E00374 /* StoryboardConstants.swift in Sources */ = {isa = PBXBuildFile; fileRef = FAA623AA2982813F00E00374 /* StoryboardConstants.swift */; };
		FAA70E98298A432A00B5EBEC /* ServiceManager.swift in Sources */ = {isa = PBXBuildFile; fileRef = FAA70E97298A432A00B5EBEC /* ServiceManager.swift */; };
		FAACFCBE298123A200B779FC /* FinishViewController.swift in Sources */ = {isa = PBXBuildFile; fileRef = FAACFCBD298123A200B779FC /* FinishViewController.swift */; };
		FAACFCC4298128A000B779FC /* SegueConstants.swift in Sources */ = {isa = PBXBuildFile; fileRef = FAACFCC3298128A000B779FC /* SegueConstants.swift */; };
		FAACFCC629812A0C00B779FC /* AnimationConstants.swift in Sources */ = {isa = PBXBuildFile; fileRef = FAACFCC529812A0C00B779FC /* AnimationConstants.swift */; };
		FABDC80F2979104700A9B7FA /* AppDelegate.swift in Sources */ = {isa = PBXBuildFile; fileRef = FABDC80E2979104700A9B7FA /* AppDelegate.swift */; };
		FABDC8112979104700A9B7FA /* SceneDelegate.swift in Sources */ = {isa = PBXBuildFile; fileRef = FABDC8102979104700A9B7FA /* SceneDelegate.swift */; };
		FABDC8132979104700A9B7FA /* MapViewController.swift in Sources */ = {isa = PBXBuildFile; fileRef = FABDC8122979104700A9B7FA /* MapViewController.swift */; };
		FABDC8162979104700A9B7FA /* Main.storyboard in Resources */ = {isa = PBXBuildFile; fileRef = FABDC8142979104700A9B7FA /* Main.storyboard */; };
		FABDC8182979104900A9B7FA /* Assets.xcassets in Resources */ = {isa = PBXBuildFile; fileRef = FABDC8172979104900A9B7FA /* Assets.xcassets */; };
		FABDC81B2979104900A9B7FA /* LaunchScreen.storyboard in Resources */ = {isa = PBXBuildFile; fileRef = FABDC8192979104900A9B7FA /* LaunchScreen.storyboard */; };
		FAC6420B29BB19F90047865E /* InfoTableViewCell.swift in Sources */ = {isa = PBXBuildFile; fileRef = FAC6420A29BB19F90047865E /* InfoTableViewCell.swift */; };
		FAC6420D29BB1B2F0047865E /* CellConstants.swift in Sources */ = {isa = PBXBuildFile; fileRef = FAC6420C29BB1B2F0047865E /* CellConstants.swift */; };
/* End PBXBuildFile section */

/* Begin PBXFileReference section */
		13858B121455022AC3DE45CF /* Pods-G-Navigation.release.xcconfig */ = {isa = PBXFileReference; includeInIndex = 1; lastKnownFileType = text.xcconfig; name = "Pods-G-Navigation.release.xcconfig"; path = "Target Support Files/Pods-G-Navigation/Pods-G-Navigation.release.xcconfig"; sourceTree = "<group>"; };
		6ABDB0DF5E5B562A808CCA18 /* Pods-G-Navigation.debug.xcconfig */ = {isa = PBXFileReference; includeInIndex = 1; lastKnownFileType = text.xcconfig; name = "Pods-G-Navigation.debug.xcconfig"; path = "Target Support Files/Pods-G-Navigation/Pods-G-Navigation.debug.xcconfig"; sourceTree = "<group>"; };
		BDC50F3DFF85EC4AC85FAFE1 /* Pods_G_Navigation.framework */ = {isa = PBXFileReference; explicitFileType = wrapper.framework; includeInIndex = 0; path = Pods_G_Navigation.framework; sourceTree = BUILT_PRODUCTS_DIR; };
		FA0D7B842987B354004163CE /* StartViewController.swift */ = {isa = PBXFileReference; lastKnownFileType = sourcecode.swift; path = StartViewController.swift; sourceTree = "<group>"; };
		FA0D7B862987B6BC004163CE /* FailureViewController.swift */ = {isa = PBXFileReference; lastKnownFileType = sourcecode.swift; path = FailureViewController.swift; sourceTree = "<group>"; };
		FA0D7B8B2987CBB3004163CE /* BaseViewController.swift */ = {isa = PBXFileReference; lastKnownFileType = sourcecode.swift; path = BaseViewController.swift; sourceTree = "<group>"; };
		FA277273297FC154009E8267 /* DirectionData.swift */ = {isa = PBXFileReference; lastKnownFileType = sourcecode.swift; path = DirectionData.swift; sourceTree = "<group>"; };
		FA81CDB429C0790F00E5113F /* success.json */ = {isa = PBXFileReference; fileEncoding = 4; lastKnownFileType = text.json; path = success.json; sourceTree = "<group>"; };
		FA81CDB629C079A600E5113F /* failure.json */ = {isa = PBXFileReference; fileEncoding = 4; lastKnownFileType = text.json; path = failure.json; sourceTree = "<group>"; };
		FA81CDB829C07B8E00E5113F /* locationMark.json */ = {isa = PBXFileReference; fileEncoding = 4; lastKnownFileType = text.json; path = locationMark.json; sourceTree = "<group>"; };
		FA81CDBA29C07FBA00E5113F /* Challenge Route.gpx */ = {isa = PBXFileReference; fileEncoding = 4; lastKnownFileType = text.xml; path = "Challenge Route.gpx"; sourceTree = "<group>"; };
		FA865AFF297A9B4B008077DA /* API_Keys.swift */ = {isa = PBXFileReference; lastKnownFileType = sourcecode.swift; path = API_Keys.swift; sourceTree = "<group>"; };
		FA865B0A297AB515008077DA /* NavigationData.swift */ = {isa = PBXFileReference; lastKnownFileType = sourcecode.swift; path = NavigationData.swift; sourceTree = "<group>"; };
		FA865B0C297AB60D008077DA /* navigation.json */ = {isa = PBXFileReference; fileEncoding = 4; lastKnownFileType = text.json; path = navigation.json; sourceTree = "<group>"; };
		FAA623A829827A3200E00374 /* LicenseViewController.swift */ = {isa = PBXFileReference; lastKnownFileType = sourcecode.swift; path = LicenseViewController.swift; sourceTree = "<group>"; };
		FAA623AA2982813F00E00374 /* StoryboardConstants.swift */ = {isa = PBXFileReference; lastKnownFileType = sourcecode.swift; path = StoryboardConstants.swift; sourceTree = "<group>"; };
		FAA70E97298A432A00B5EBEC /* ServiceManager.swift */ = {isa = PBXFileReference; lastKnownFileType = sourcecode.swift; path = ServiceManager.swift; sourceTree = "<group>"; };
		FAACFCBD298123A200B779FC /* FinishViewController.swift */ = {isa = PBXFileReference; lastKnownFileType = sourcecode.swift; path = FinishViewController.swift; sourceTree = "<group>"; };
		FAACFCC3298128A000B779FC /* SegueConstants.swift */ = {isa = PBXFileReference; lastKnownFileType = sourcecode.swift; path = SegueConstants.swift; sourceTree = "<group>"; };
		FAACFCC529812A0C00B779FC /* AnimationConstants.swift */ = {isa = PBXFileReference; lastKnownFileType = sourcecode.swift; path = AnimationConstants.swift; sourceTree = "<group>"; };
		FABDC80B2979104700A9B7FA /* G-Navigation.app */ = {isa = PBXFileReference; explicitFileType = wrapper.application; includeInIndex = 0; path = "G-Navigation.app"; sourceTree = BUILT_PRODUCTS_DIR; };
		FABDC80E2979104700A9B7FA /* AppDelegate.swift */ = {isa = PBXFileReference; lastKnownFileType = sourcecode.swift; path = AppDelegate.swift; sourceTree = "<group>"; };
		FABDC8102979104700A9B7FA /* SceneDelegate.swift */ = {isa = PBXFileReference; lastKnownFileType = sourcecode.swift; path = SceneDelegate.swift; sourceTree = "<group>"; };
		FABDC8122979104700A9B7FA /* MapViewController.swift */ = {isa = PBXFileReference; lastKnownFileType = sourcecode.swift; path = MapViewController.swift; sourceTree = "<group>"; };
		FABDC8152979104700A9B7FA /* Base */ = {isa = PBXFileReference; lastKnownFileType = file.storyboard; name = Base; path = Base.lproj/Main.storyboard; sourceTree = "<group>"; };
		FABDC8172979104900A9B7FA /* Assets.xcassets */ = {isa = PBXFileReference; lastKnownFileType = folder.assetcatalog; path = Assets.xcassets; sourceTree = "<group>"; };
		FABDC81A2979104900A9B7FA /* Base */ = {isa = PBXFileReference; lastKnownFileType = file.storyboard; name = Base; path = Base.lproj/LaunchScreen.storyboard; sourceTree = "<group>"; };
		FABDC81C2979104900A9B7FA /* Info.plist */ = {isa = PBXFileReference; lastKnownFileType = text.plist.xml; path = Info.plist; sourceTree = "<group>"; };
		FAC6420A29BB19F90047865E /* InfoTableViewCell.swift */ = {isa = PBXFileReference; lastKnownFileType = sourcecode.swift; path = InfoTableViewCell.swift; sourceTree = "<group>"; };
		FAC6420C29BB1B2F0047865E /* CellConstants.swift */ = {isa = PBXFileReference; lastKnownFileType = sourcecode.swift; path = CellConstants.swift; sourceTree = "<group>"; };
/* End PBXFileReference section */

/* Begin PBXFrameworksBuildPhase section */
		FABDC8082979104700A9B7FA /* Frameworks */ = {
			isa = PBXFrameworksBuildPhase;
			buildActionMask = 2147483647;
			files = (
				E364DEF033DBD296480AC4A6 /* Pods_G_Navigation.framework in Frameworks */,
			);
			runOnlyForDeploymentPostprocessing = 0;
		};
/* End PBXFrameworksBuildPhase section */

/* Begin PBXGroup section */
		11EC5BB615ABAD775CBC2BA6 /* Pods */ = {
			isa = PBXGroup;
			children = (
				6ABDB0DF5E5B562A808CCA18 /* Pods-G-Navigation.debug.xcconfig */,
				13858B121455022AC3DE45CF /* Pods-G-Navigation.release.xcconfig */,
			);
			path = Pods;
			sourceTree = "<group>";
		};
		CD85E80697935935A8A4AC30 /* Frameworks */ = {
			isa = PBXGroup;
			children = (
				BDC50F3DFF85EC4AC85FAFE1 /* Pods_G_Navigation.framework */,
			);
			name = Frameworks;
			sourceTree = "<group>";
		};
		FA73924429A34FAC005B2A70 /* Repository */ = {
			isa = PBXGroup;
			children = (
				FA73924629A34FBF005B2A70 /* Local Storage */,
				FA73924529A34FB8005B2A70 /* Remote API */,
			);
			path = Repository;
			sourceTree = "<group>";
		};
		FA73924529A34FB8005B2A70 /* Remote API */ = {
			isa = PBXGroup;
			children = (
				FAA70E97298A432A00B5EBEC /* ServiceManager.swift */,
			);
			path = "Remote API";
			sourceTree = "<group>";
		};
		FA73924629A34FBF005B2A70 /* Local Storage */ = {
			isa = PBXGroup;
			children = (
				FA277273297FC154009E8267 /* DirectionData.swift */,
				FA865B0A297AB515008077DA /* NavigationData.swift */,
			);
			path = "Local Storage";
			sourceTree = "<group>";
		};
		FA865B03297AB445008077DA /* Controllers */ = {
			isa = PBXGroup;
			children = (
				FA0D7B8B2987CBB3004163CE /* BaseViewController.swift */,
				FABDC8122979104700A9B7FA /* MapViewController.swift */,
				FAACFCBD298123A200B779FC /* FinishViewController.swift */,
				FAA623A829827A3200E00374 /* LicenseViewController.swift */,
				FA0D7B842987B354004163CE /* StartViewController.swift */,
				FA0D7B862987B6BC004163CE /* FailureViewController.swift */,
			);
			path = Controllers;
			sourceTree = "<group>";
		};
		FA865B05297AB452008077DA /* Views */ = {
			isa = PBXGroup;
			children = (
				FAC6420929BB19DF0047865E /* TableViewCells */,
				FABDC8172979104900A9B7FA /* Assets.xcassets */,
				FA865B08297AB4C0008077DA /* Storyboards */,
			);
			path = Views;
			sourceTree = "<group>";
		};
		FA865B06297AB482008077DA /* Resources */ = {
			isa = PBXGroup;
			children = (
				FAACFCC22981289500B779FC /* Constants */,
				FAACFCC12981275500B779FC /* Animations */,
				FA865B0C297AB60D008077DA /* navigation.json */,
				FABDC80E2979104700A9B7FA /* AppDelegate.swift */,
				FABDC8102979104700A9B7FA /* SceneDelegate.swift */,
			);
			path = Resources;
			sourceTree = "<group>";
		};
		FA865B08297AB4C0008077DA /* Storyboards */ = {
			isa = PBXGroup;
			children = (
				FABDC8142979104700A9B7FA /* Main.storyboard */,
				FABDC8192979104900A9B7FA /* LaunchScreen.storyboard */,
			);
			path = Storyboards;
			sourceTree = "<group>";
		};
		FAACFCC12981275500B779FC /* Animations */ = {
			isa = PBXGroup;
			children = (
				FA81CDB829C07B8E00E5113F /* locationMark.json */,
				FA81CDB629C079A600E5113F /* failure.json */,
				FA81CDB429C0790F00E5113F /* success.json */,
			);
			path = Animations;
			sourceTree = "<group>";
		};
		FAACFCC22981289500B779FC /* Constants */ = {
			isa = PBXGroup;
			children = (
				FAA623AA2982813F00E00374 /* StoryboardConstants.swift */,
				FAACFCC3298128A000B779FC /* SegueConstants.swift */,
				FAACFCC529812A0C00B779FC /* AnimationConstants.swift */,
				FAC6420C29BB1B2F0047865E /* CellConstants.swift */,
			);
			path = Constants;
			sourceTree = "<group>";
		};
		FABDC8022979104700A9B7FA = {
			isa = PBXGroup;
			children = (
				FABDC80D2979104700A9B7FA /* G-Navigation */,
				FABDC80C2979104700A9B7FA /* Products */,
				11EC5BB615ABAD775CBC2BA6 /* Pods */,
				CD85E80697935935A8A4AC30 /* Frameworks */,
			);
			sourceTree = "<group>";
		};
		FABDC80C2979104700A9B7FA /* Products */ = {
			isa = PBXGroup;
			children = (
				FABDC80B2979104700A9B7FA /* G-Navigation.app */,
			);
			name = Products;
			sourceTree = "<group>";
		};
		FABDC80D2979104700A9B7FA /* G-Navigation */ = {
			isa = PBXGroup;
			children = (
				FA73924429A34FAC005B2A70 /* Repository */,
				FA865AFF297A9B4B008077DA /* API_Keys.swift */,
				FA865B06297AB482008077DA /* Resources */,
				FA865B05297AB452008077DA /* Views */,
				FA865B03297AB445008077DA /* Controllers */,
				FABDC81C2979104900A9B7FA /* Info.plist */,
				FA81CDBA29C07FBA00E5113F /* Challenge Route.gpx */,
			);
			path = "G-Navigation";
			sourceTree = "<group>";
		};
		FAC6420929BB19DF0047865E /* TableViewCells */ = {
			isa = PBXGroup;
			children = (
				FAC6420A29BB19F90047865E /* InfoTableViewCell.swift */,
			);
			path = TableViewCells;
			sourceTree = "<group>";
		};
/* End PBXGroup section */

/* Begin PBXNativeTarget section */
		FABDC80A2979104700A9B7FA /* G-Navigation */ = {
			isa = PBXNativeTarget;
			buildConfigurationList = FABDC81F2979104900A9B7FA /* Build configuration list for PBXNativeTarget "G-Navigation" */;
			buildPhases = (
				81B50D7A09583924B60E415F /* [CP] Check Pods Manifest.lock */,
				FABDC8072979104700A9B7FA /* Sources */,
				FABDC8082979104700A9B7FA /* Frameworks */,
				FABDC8092979104700A9B7FA /* Resources */,
				DAC0BEA39EC769F85B2A978C /* [CP] Copy Pods Resources */,
				30C351D2704E0CAD271767C6 /* [CP] Embed Pods Frameworks */,
			);
			buildRules = (
			);
			dependencies = (
			);
			name = "G-Navigation";
			productName = "G-Navigation";
			productReference = FABDC80B2979104700A9B7FA /* G-Navigation.app */;
			productType = "com.apple.product-type.application";
		};
/* End PBXNativeTarget section */

/* Begin PBXProject section */
		FABDC8032979104700A9B7FA /* Project object */ = {
			isa = PBXProject;
			attributes = {
				BuildIndependentTargetsInParallel = 1;
				LastSwiftUpdateCheck = 1420;
				LastUpgradeCheck = 1420;
				TargetAttributes = {
					FABDC80A2979104700A9B7FA = {
						CreatedOnToolsVersion = 14.2;
					};
				};
			};
			buildConfigurationList = FABDC8062979104700A9B7FA /* Build configuration list for PBXProject "G-Navigation" */;
			compatibilityVersion = "Xcode 13.0";
			developmentRegion = en;
			hasScannedForEncodings = 0;
			knownRegions = (
				en,
				Base,
			);
			mainGroup = FABDC8022979104700A9B7FA;
			productRefGroup = FABDC80C2979104700A9B7FA /* Products */;
			projectDirPath = "";
			projectRoot = "";
			targets = (
				FABDC80A2979104700A9B7FA /* G-Navigation */,
			);
		};
/* End PBXProject section */

/* Begin PBXResourcesBuildPhase section */
		FABDC8092979104700A9B7FA /* Resources */ = {
			isa = PBXResourcesBuildPhase;
			buildActionMask = 2147483647;
			files = (
				FABDC81B2979104900A9B7FA /* LaunchScreen.storyboard in Resources */,
				FABDC8182979104900A9B7FA /* Assets.xcassets in Resources */,
				FABDC8162979104700A9B7FA /* Main.storyboard in Resources */,
				FA81CDBB29C07FBA00E5113F /* Challenge Route.gpx in Resources */,
				FA81CDB929C07B8E00E5113F /* locationMark.json in Resources */,
				FA865B0D297AB60D008077DA /* navigation.json in Resources */,
				FA81CDB529C0790F00E5113F /* success.json in Resources */,
				FA81CDB729C079A600E5113F /* failure.json in Resources */,
			);
			runOnlyForDeploymentPostprocessing = 0;
		};
/* End PBXResourcesBuildPhase section */

/* Begin PBXShellScriptBuildPhase section */
		30C351D2704E0CAD271767C6 /* [CP] Embed Pods Frameworks */ = {
			isa = PBXShellScriptBuildPhase;
			buildActionMask = 2147483647;
			files = (
			);
			inputFileListPaths = (
				"${PODS_ROOT}/Target Support Files/Pods-G-Navigation/Pods-G-Navigation-frameworks-${CONFIGURATION}-input-files.xcfilelist",
			);
			name = "[CP] Embed Pods Frameworks";
			outputFileListPaths = (
				"${PODS_ROOT}/Target Support Files/Pods-G-Navigation/Pods-G-Navigation-frameworks-${CONFIGURATION}-output-files.xcfilelist",
			);
			runOnlyForDeploymentPostprocessing = 0;
			shellPath = /bin/sh;
			shellScript = "\"${PODS_ROOT}/Target Support Files/Pods-G-Navigation/Pods-G-Navigation-frameworks.sh\"\n";
			showEnvVarsInLog = 0;
		};
		81B50D7A09583924B60E415F /* [CP] Check Pods Manifest.lock */ = {
			isa = PBXShellScriptBuildPhase;
			buildActionMask = 2147483647;
			files = (
			);
			inputFileListPaths = (
			);
			inputPaths = (
				"${PODS_PODFILE_DIR_PATH}/Podfile.lock",
				"${PODS_ROOT}/Manifest.lock",
			);
			name = "[CP] Check Pods Manifest.lock";
			outputFileListPaths = (
			);
			outputPaths = (
				"$(DERIVED_FILE_DIR)/Pods-G-Navigation-checkManifestLockResult.txt",
			);
			runOnlyForDeploymentPostprocessing = 0;
			shellPath = /bin/sh;
			shellScript = "diff \"${PODS_PODFILE_DIR_PATH}/Podfile.lock\" \"${PODS_ROOT}/Manifest.lock\" > /dev/null\nif [ $? != 0 ] ; then\n    # print error to STDERR\n    echo \"error: The sandbox is not in sync with the Podfile.lock. Run 'pod install' or update your CocoaPods installation.\" >&2\n    exit 1\nfi\n# This output is used by Xcode 'outputs' to avoid re-running this script phase.\necho \"SUCCESS\" > \"${SCRIPT_OUTPUT_FILE_0}\"\n";
			showEnvVarsInLog = 0;
		};
		DAC0BEA39EC769F85B2A978C /* [CP] Copy Pods Resources */ = {
			isa = PBXShellScriptBuildPhase;
			buildActionMask = 2147483647;
			files = (
			);
			inputFileListPaths = (
				"${PODS_ROOT}/Target Support Files/Pods-G-Navigation/Pods-G-Navigation-resources-${CONFIGURATION}-input-files.xcfilelist",
			);
			name = "[CP] Copy Pods Resources";
			outputFileListPaths = (
				"${PODS_ROOT}/Target Support Files/Pods-G-Navigation/Pods-G-Navigation-resources-${CONFIGURATION}-output-files.xcfilelist",
			);
			runOnlyForDeploymentPostprocessing = 0;
			shellPath = /bin/sh;
			shellScript = "\"${PODS_ROOT}/Target Support Files/Pods-G-Navigation/Pods-G-Navigation-resources.sh\"\n";
			showEnvVarsInLog = 0;
		};
/* End PBXShellScriptBuildPhase section */

/* Begin PBXSourcesBuildPhase section */
		FABDC8072979104700A9B7FA /* Sources */ = {
			isa = PBXSourcesBuildPhase;
			buildActionMask = 2147483647;
			files = (
				FA865B0B297AB515008077DA /* NavigationData.swift in Sources */,
				FAC6420B29BB19F90047865E /* InfoTableViewCell.swift in Sources */,
				FA0D7B852987B354004163CE /* StartViewController.swift in Sources */,
				FABDC8132979104700A9B7FA /* MapViewController.swift in Sources */,
				FABDC80F2979104700A9B7FA /* AppDelegate.swift in Sources */,
				FA865B00297A9B4B008077DA /* API_Keys.swift in Sources */,
				FAA623A929827A3200E00374 /* LicenseViewController.swift in Sources */,
				FABDC8112979104700A9B7FA /* SceneDelegate.swift in Sources */,
				FAACFCC4298128A000B779FC /* SegueConstants.swift in Sources */,
				FA0D7B872987B6BC004163CE /* FailureViewController.swift in Sources */,
				FAC6420D29BB1B2F0047865E /* CellConstants.swift in Sources */,
				FA277274297FC154009E8267 /* DirectionData.swift in Sources */,
				FA0D7B8C2987CBB3004163CE /* BaseViewController.swift in Sources */,
				FAA70E98298A432A00B5EBEC /* ServiceManager.swift in Sources */,
				FAA623AB2982813F00E00374 /* StoryboardConstants.swift in Sources */,
				FAACFCBE298123A200B779FC /* FinishViewController.swift in Sources */,
				FAACFCC629812A0C00B779FC /* AnimationConstants.swift in Sources */,
			);
			runOnlyForDeploymentPostprocessing = 0;
		};
/* End PBXSourcesBuildPhase section */

/* Begin PBXVariantGroup section */
		FABDC8142979104700A9B7FA /* Main.storyboard */ = {
			isa = PBXVariantGroup;
			children = (
				FABDC8152979104700A9B7FA /* Base */,
			);
			name = Main.storyboard;
			sourceTree = "<group>";
		};
		FABDC8192979104900A9B7FA /* LaunchScreen.storyboard */ = {
			isa = PBXVariantGroup;
			children = (
				FABDC81A2979104900A9B7FA /* Base */,
			);
			name = LaunchScreen.storyboard;
			sourceTree = "<group>";
		};
/* End PBXVariantGroup section */

/* Begin XCBuildConfiguration section */
		FABDC81D2979104900A9B7FA /* Debug */ = {
			isa = XCBuildConfiguration;
			buildSettings = {
				ALWAYS_SEARCH_USER_PATHS = NO;
				CLANG_ANALYZER_NONNULL = YES;
				CLANG_ANALYZER_NUMBER_OBJECT_CONVERSION = YES_AGGRESSIVE;
				CLANG_CXX_LANGUAGE_STANDARD = "gnu++20";
				CLANG_ENABLE_MODULES = YES;
				CLANG_ENABLE_OBJC_ARC = YES;
				CLANG_ENABLE_OBJC_WEAK = YES;
				CLANG_WARN_BLOCK_CAPTURE_AUTORELEASING = YES;
				CLANG_WARN_BOOL_CONVERSION = YES;
				CLANG_WARN_COMMA = YES;
				CLANG_WARN_CONSTANT_CONVERSION = YES;
				CLANG_WARN_DEPRECATED_OBJC_IMPLEMENTATIONS = YES;
				CLANG_WARN_DIRECT_OBJC_ISA_USAGE = YES_ERROR;
				CLANG_WARN_DOCUMENTATION_COMMENTS = YES;
				CLANG_WARN_EMPTY_BODY = YES;
				CLANG_WARN_ENUM_CONVERSION = YES;
				CLANG_WARN_INFINITE_RECURSION = YES;
				CLANG_WARN_INT_CONVERSION = YES;
				CLANG_WARN_NON_LITERAL_NULL_CONVERSION = YES;
				CLANG_WARN_OBJC_IMPLICIT_RETAIN_SELF = YES;
				CLANG_WARN_OBJC_LITERAL_CONVERSION = YES;
				CLANG_WARN_OBJC_ROOT_CLASS = YES_ERROR;
				CLANG_WARN_QUOTED_INCLUDE_IN_FRAMEWORK_HEADER = YES;
				CLANG_WARN_RANGE_LOOP_ANALYSIS = YES;
				CLANG_WARN_STRICT_PROTOTYPES = YES;
				CLANG_WARN_SUSPICIOUS_MOVE = YES;
				CLANG_WARN_UNGUARDED_AVAILABILITY = YES_AGGRESSIVE;
				CLANG_WARN_UNREACHABLE_CODE = YES;
				CLANG_WARN__DUPLICATE_METHOD_MATCH = YES;
				COPY_PHASE_STRIP = NO;
				DEBUG_INFORMATION_FORMAT = dwarf;
				ENABLE_STRICT_OBJC_MSGSEND = YES;
				ENABLE_TESTABILITY = YES;
				GCC_C_LANGUAGE_STANDARD = gnu11;
				GCC_DYNAMIC_NO_PIC = NO;
				GCC_NO_COMMON_BLOCKS = YES;
				GCC_OPTIMIZATION_LEVEL = 0;
				GCC_PREPROCESSOR_DEFINITIONS = (
					"DEBUG=1",
					"$(inherited)",
				);
				GCC_WARN_64_TO_32_BIT_CONVERSION = YES;
				GCC_WARN_ABOUT_RETURN_TYPE = YES_ERROR;
				GCC_WARN_UNDECLARED_SELECTOR = YES;
				GCC_WARN_UNINITIALIZED_AUTOS = YES_AGGRESSIVE;
				GCC_WARN_UNUSED_FUNCTION = YES;
				GCC_WARN_UNUSED_VARIABLE = YES;
				IPHONEOS_DEPLOYMENT_TARGET = 15.0;
				MTL_ENABLE_DEBUG_INFO = INCLUDE_SOURCE;
				MTL_FAST_MATH = YES;
				ONLY_ACTIVE_ARCH = YES;
				SDKROOT = iphoneos;
				SWIFT_ACTIVE_COMPILATION_CONDITIONS = DEBUG;
				SWIFT_OPTIMIZATION_LEVEL = "-Onone";
			};
			name = Debug;
		};
		FABDC81E2979104900A9B7FA /* Release */ = {
			isa = XCBuildConfiguration;
			buildSettings = {
				ALWAYS_SEARCH_USER_PATHS = NO;
				CLANG_ANALYZER_NONNULL = YES;
				CLANG_ANALYZER_NUMBER_OBJECT_CONVERSION = YES_AGGRESSIVE;
				CLANG_CXX_LANGUAGE_STANDARD = "gnu++20";
				CLANG_ENABLE_MODULES = YES;
				CLANG_ENABLE_OBJC_ARC = YES;
				CLANG_ENABLE_OBJC_WEAK = YES;
				CLANG_WARN_BLOCK_CAPTURE_AUTORELEASING = YES;
				CLANG_WARN_BOOL_CONVERSION = YES;
				CLANG_WARN_COMMA = YES;
				CLANG_WARN_CONSTANT_CONVERSION = YES;
				CLANG_WARN_DEPRECATED_OBJC_IMPLEMENTATIONS = YES;
				CLANG_WARN_DIRECT_OBJC_ISA_USAGE = YES_ERROR;
				CLANG_WARN_DOCUMENTATION_COMMENTS = YES;
				CLANG_WARN_EMPTY_BODY = YES;
				CLANG_WARN_ENUM_CONVERSION = YES;
				CLANG_WARN_INFINITE_RECURSION = YES;
				CLANG_WARN_INT_CONVERSION = YES;
				CLANG_WARN_NON_LITERAL_NULL_CONVERSION = YES;
				CLANG_WARN_OBJC_IMPLICIT_RETAIN_SELF = YES;
				CLANG_WARN_OBJC_LITERAL_CONVERSION = YES;
				CLANG_WARN_OBJC_ROOT_CLASS = YES_ERROR;
				CLANG_WARN_QUOTED_INCLUDE_IN_FRAMEWORK_HEADER = YES;
				CLANG_WARN_RANGE_LOOP_ANALYSIS = YES;
				CLANG_WARN_STRICT_PROTOTYPES = YES;
				CLANG_WARN_SUSPICIOUS_MOVE = YES;
				CLANG_WARN_UNGUARDED_AVAILABILITY = YES_AGGRESSIVE;
				CLANG_WARN_UNREACHABLE_CODE = YES;
				CLANG_WARN__DUPLICATE_METHOD_MATCH = YES;
				COPY_PHASE_STRIP = NO;
				DEBUG_INFORMATION_FORMAT = "dwarf-with-dsym";
				ENABLE_NS_ASSERTIONS = NO;
				ENABLE_STRICT_OBJC_MSGSEND = YES;
				GCC_C_LANGUAGE_STANDARD = gnu11;
				GCC_NO_COMMON_BLOCKS = YES;
				GCC_WARN_64_TO_32_BIT_CONVERSION = YES;
				GCC_WARN_ABOUT_RETURN_TYPE = YES_ERROR;
				GCC_WARN_UNDECLARED_SELECTOR = YES;
				GCC_WARN_UNINITIALIZED_AUTOS = YES_AGGRESSIVE;
				GCC_WARN_UNUSED_FUNCTION = YES;
				GCC_WARN_UNUSED_VARIABLE = YES;
				IPHONEOS_DEPLOYMENT_TARGET = 15.0;
				MTL_ENABLE_DEBUG_INFO = NO;
				MTL_FAST_MATH = YES;
				SDKROOT = iphoneos;
				SWIFT_COMPILATION_MODE = wholemodule;
				SWIFT_OPTIMIZATION_LEVEL = "-O";
				VALIDATE_PRODUCT = YES;
			};
			name = Release;
		};
		FABDC8202979104900A9B7FA /* Debug */ = {
			isa = XCBuildConfiguration;
			baseConfigurationReference = 6ABDB0DF5E5B562A808CCA18 /* Pods-G-Navigation.debug.xcconfig */;
			buildSettings = {
				ASSETCATALOG_COMPILER_APPICON_NAME = AppIcon;
				ASSETCATALOG_COMPILER_GLOBAL_ACCENT_COLOR_NAME = AccentColor;
				CODE_SIGN_STYLE = Automatic;
				CURRENT_PROJECT_VERSION = 1;
				DEVELOPMENT_TEAM = T8B4RZKP3U;
				GENERATE_INFOPLIST_FILE = YES;
				INFOPLIST_FILE = "G-Navigation/Info.plist";
				INFOPLIST_KEY_UIApplicationSupportsIndirectInputEvents = YES;
				INFOPLIST_KEY_UILaunchStoryboardName = LaunchScreen;
				INFOPLIST_KEY_UIMainStoryboardFile = Main;
				INFOPLIST_KEY_UISupportedInterfaceOrientations_iPad = "UIInterfaceOrientationPortrait UIInterfaceOrientationPortraitUpsideDown UIInterfaceOrientationLandscapeLeft UIInterfaceOrientationLandscapeRight";
				INFOPLIST_KEY_UISupportedInterfaceOrientations_iPhone = "UIInterfaceOrientationPortrait UIInterfaceOrientationLandscapeLeft UIInterfaceOrientationLandscapeRight";
				IPHONEOS_DEPLOYMENT_TARGET = 15.0;
				LD_RUNPATH_SEARCH_PATHS = (
					"$(inherited)",
					"@executable_path/Frameworks",
				);
				MARKETING_VERSION = 1.0.0;
				PRODUCT_BUNDLE_IDENTIFIER = "mutluclkn.G-Navigation";
				PRODUCT_NAME = "$(TARGET_NAME)";
				SWIFT_EMIT_LOC_STRINGS = YES;
				SWIFT_VERSION = 5.0;
				TARGETED_DEVICE_FAMILY = "1,2";
			};
			name = Debug;
		};
		FABDC8212979104900A9B7FA /* Release */ = {
			isa = XCBuildConfiguration;
			baseConfigurationReference = 13858B121455022AC3DE45CF /* Pods-G-Navigation.release.xcconfig */;
			buildSettings = {
				ASSETCATALOG_COMPILER_APPICON_NAME = AppIcon;
				ASSETCATALOG_COMPILER_GLOBAL_ACCENT_COLOR_NAME = AccentColor;
				CODE_SIGN_STYLE = Automatic;
				CURRENT_PROJECT_VERSION = 1;
				DEVELOPMENT_TEAM = T8B4RZKP3U;
				GENERATE_INFOPLIST_FILE = YES;
				INFOPLIST_FILE = "G-Navigation/Info.plist";
				INFOPLIST_KEY_UIApplicationSupportsIndirectInputEvents = YES;
				INFOPLIST_KEY_UILaunchStoryboardName = LaunchScreen;
				INFOPLIST_KEY_UIMainStoryboardFile = Main;
				INFOPLIST_KEY_UISupportedInterfaceOrientations_iPad = "UIInterfaceOrientationPortrait UIInterfaceOrientationPortraitUpsideDown UIInterfaceOrientationLandscapeLeft UIInterfaceOrientationLandscapeRight";
				INFOPLIST_KEY_UISupportedInterfaceOrientations_iPhone = "UIInterfaceOrientationPortrait UIInterfaceOrientationLandscapeLeft UIInterfaceOrientationLandscapeRight";
				IPHONEOS_DEPLOYMENT_TARGET = 15.0;
				LD_RUNPATH_SEARCH_PATHS = (
					"$(inherited)",
					"@executable_path/Frameworks",
				);
				MARKETING_VERSION = 1.0.0;
				PRODUCT_BUNDLE_IDENTIFIER = "mutluclkn.G-Navigation";
				PRODUCT_NAME = "$(TARGET_NAME)";
				SWIFT_EMIT_LOC_STRINGS = YES;
				SWIFT_VERSION = 5.0;
				TARGETED_DEVICE_FAMILY = "1,2";
			};
			name = Release;
		};
/* End XCBuildConfiguration section */

/* Begin XCConfigurationList section */
		FABDC8062979104700A9B7FA /* Build configuration list for PBXProject "G-Navigation" */ = {
			isa = XCConfigurationList;
			buildConfigurations = (
				FABDC81D2979104900A9B7FA /* Debug */,
				FABDC81E2979104900A9B7FA /* Release */,
			);
			defaultConfigurationIsVisible = 0;
			defaultConfigurationName = Release;
		};
		FABDC81F2979104900A9B7FA /* Build configuration list for PBXNativeTarget "G-Navigation" */ = {
			isa = XCConfigurationList;
			buildConfigurations = (
				FABDC8202979104900A9B7FA /* Debug */,
				FABDC8212979104900A9B7FA /* Release */,
			);
			defaultConfigurationIsVisible = 0;
			defaultConfigurationName = Release;
		};
/* End XCConfigurationList section */
	};
	rootObject = FABDC8032979104700A9B7FA /* Project object */;
}
